// !$*UTF8*$!
{
	archiveVersion = 1;
	classes = {
	};
	objectVersion = 46;
	objects = {

/* Begin PBXBuildFile section */
		2B4F60AA15AB9CB600FA8B54 /* UIKit.framework in Frameworks */ = {isa = PBXBuildFile; fileRef = 2B4F60A915AB9CB600FA8B54 /* UIKit.framework */; };
		2B4F60AC15AB9CB600FA8B54 /* Foundation.framework in Frameworks */ = {isa = PBXBuildFile; fileRef = 2B4F60AB15AB9CB600FA8B54 /* Foundation.framework */; };
		2B4F60AE15AB9CB600FA8B54 /* CoreGraphics.framework in Frameworks */ = {isa = PBXBuildFile; fileRef = 2B4F60AD15AB9CB600FA8B54 /* CoreGraphics.framework */; };
		2B4F60B415AB9CB700FA8B54 /* InfoPlist.strings in Resources */ = {isa = PBXBuildFile; fileRef = 2B4F60B215AB9CB700FA8B54 /* InfoPlist.strings */; };
		2B4F60B615AB9CB700FA8B54 /* main.m in Sources */ = {isa = PBXBuildFile; fileRef = 2B4F60B515AB9CB700FA8B54 /* main.m */; };
		2B4F60BA15AB9CB700FA8B54 /* AppDelegate.m in Sources */ = {isa = PBXBuildFile; fileRef = 2B4F60B915AB9CB700FA8B54 /* AppDelegate.m */; };
		2B4F60BD15AB9CB700FA8B54 /* MainStoryboard.storyboard in Resources */ = {isa = PBXBuildFile; fileRef = 2B4F60BB15AB9CB700FA8B54 /* MainStoryboard.storyboard */; };
		2B4F60C015AB9CB700FA8B54 /* ViewController.m in Sources */ = {isa = PBXBuildFile; fileRef = 2B4F60BF15AB9CB700FA8B54 /* ViewController.m */; };
		2B4F60C815AB9E8500FA8B54 /* coupon.png in Resources */ = {isa = PBXBuildFile; fileRef = 2B4F60C615AB9E8500FA8B54 /* coupon.png */; };
		2B4F60C915AB9E8500FA8B54 /* coupon@2x.png in Resources */ = {isa = PBXBuildFile; fileRef = 2B4F60C715AB9E8500FA8B54 /* coupon@2x.png */; };
		2B4F60CC15AB9E9000FA8B54 /* camera.png in Resources */ = {isa = PBXBuildFile; fileRef = 2B4F60CA15AB9E9000FA8B54 /* camera.png */; };
		2B4F60CD15AB9E9000FA8B54 /* camera@2x.png in Resources */ = {isa = PBXBuildFile; fileRef = 2B4F60CB15AB9E9000FA8B54 /* camera@2x.png */; };
/* End PBXBuildFile section */

/* Begin PBXFileReference section */
		2B4F60A515AB9CB600FA8B54 /* SonicMaskTest.app */ = {isa = PBXFileReference; explicitFileType = wrapper.application; includeInIndex = 0; path = SonicMaskTest.app; sourceTree = BUILT_PRODUCTS_DIR; };
		2B4F60A915AB9CB600FA8B54 /* UIKit.framework */ = {isa = PBXFileReference; lastKnownFileType = wrapper.framework; name = UIKit.framework; path = System/Library/Frameworks/UIKit.framework; sourceTree = SDKROOT; };
		2B4F60AB15AB9CB600FA8B54 /* Foundation.framework */ = {isa = PBXFileReference; lastKnownFileType = wrapper.framework; name = Foundation.framework; path = System/Library/Frameworks/Foundation.framework; sourceTree = SDKROOT; };
		2B4F60AD15AB9CB600FA8B54 /* CoreGraphics.framework */ = {isa = PBXFileReference; lastKnownFileType = wrapper.framework; name = CoreGraphics.framework; path = System/Library/Frameworks/CoreGraphics.framework; sourceTree = SDKROOT; };
		2B4F60B115AB9CB700FA8B54 /* SonicMaskTest-Info.plist */ = {isa = PBXFileReference; lastKnownFileType = text.plist.xml; path = "SonicMaskTest-Info.plist"; sourceTree = "<group>"; };
		2B4F60B315AB9CB700FA8B54 /* en */ = {isa = PBXFileReference; lastKnownFileType = text.plist.strings; name = en; path = en.lproj/InfoPlist.strings; sourceTree = "<group>"; };
		2B4F60B515AB9CB700FA8B54 /* main.m */ = {isa = PBXFileReference; lastKnownFileType = sourcecode.c.objc; path = main.m; sourceTree = "<group>"; };
		2B4F60B715AB9CB700FA8B54 /* SonicMaskTest-Prefix.pch */ = {isa = PBXFileReference; lastKnownFileType = sourcecode.c.h; path = "SonicMaskTest-Prefix.pch"; sourceTree = "<group>"; };
		2B4F60B815AB9CB700FA8B54 /* AppDelegate.h */ = {isa = PBXFileReference; lastKnownFileType = sourcecode.c.h; path = AppDelegate.h; sourceTree = "<group>"; };
		2B4F60B915AB9CB700FA8B54 /* AppDelegate.m */ = {isa = PBXFileReference; lastKnownFileType = sourcecode.c.objc; path = AppDelegate.m; sourceTree = "<group>"; };
		2B4F60BC15AB9CB700FA8B54 /* en */ = {isa = PBXFileReference; lastKnownFileType = file.storyboard; name = en; path = en.lproj/MainStoryboard.storyboard; sourceTree = "<group>"; };
		2B4F60BE15AB9CB700FA8B54 /* ViewController.h */ = {isa = PBXFileReference; lastKnownFileType = sourcecode.c.h; path = ViewController.h; sourceTree = "<group>"; };
		2B4F60BF15AB9CB700FA8B54 /* ViewController.m */ = {isa = PBXFileReference; lastKnownFileType = sourcecode.c.objc; path = ViewController.m; sourceTree = "<group>"; };
		2B4F60C615AB9E8500FA8B54 /* coupon.png */ = {isa = PBXFileReference; lastKnownFileType = image.png; path = coupon.png; sourceTree = "<group>"; };
		2B4F60C715AB9E8500FA8B54 /* coupon@2x.png */ = {isa = PBXFileReference; lastKnownFileType = image.png; path = "coupon@2x.png"; sourceTree = "<group>"; };
		2B4F60CA15AB9E9000FA8B54 /* camera.png */ = {isa = PBXFileReference; lastKnownFileType = image.png; path = camera.png; sourceTree = "<group>"; };
		2B4F60CB15AB9E9000FA8B54 /* camera@2x.png */ = {isa = PBXFileReference; lastKnownFileType = image.png; path = "camera@2x.png"; sourceTree = "<group>"; };
/* End PBXFileReference section */

/* Begin PBXFrameworksBuildPhase section */
		2B4F60A215AB9CB600FA8B54 /* Frameworks */ = {
			isa = PBXFrameworksBuildPhase;
			buildActionMask = 2147483647;
			files = (
				2B4F60AA15AB9CB600FA8B54 /* UIKit.framework in Frameworks */,
				2B4F60AC15AB9CB600FA8B54 /* Foundation.framework in Frameworks */,
				2B4F60AE15AB9CB600FA8B54 /* CoreGraphics.framework in Frameworks */,
			);
			runOnlyForDeploymentPostprocessing = 0;
		};
/* End PBXFrameworksBuildPhase section */

/* Begin PBXGroup section */
		2B4F609A15AB9CB600FA8B54 = {
			isa = PBXGroup;
			children = (
				2B4F60AF15AB9CB600FA8B54 /* SonicMaskTest */,
				2B4F60A815AB9CB600FA8B54 /* Frameworks */,
				2B4F60A615AB9CB600FA8B54 /* Products */,
			);
			sourceTree = "<group>";
		};
		2B4F60A615AB9CB600FA8B54 /* Products */ = {
			isa = PBXGroup;
			children = (
				2B4F60A515AB9CB600FA8B54 /* SonicMaskTest.app */,
			);
			name = Products;
			sourceTree = "<group>";
		};
		2B4F60A815AB9CB600FA8B54 /* Frameworks */ = {
			isa = PBXGroup;
			children = (
				2B4F60A915AB9CB600FA8B54 /* UIKit.framework */,
				2B4F60AB15AB9CB600FA8B54 /* Foundation.framework */,
				2B4F60AD15AB9CB600FA8B54 /* CoreGraphics.framework */,
			);
			name = Frameworks;
			sourceTree = "<group>";
		};
		2B4F60AF15AB9CB600FA8B54 /* SonicMaskTest */ = {
			isa = PBXGroup;
			children = (
				2B4F60B815AB9CB700FA8B54 /* AppDelegate.h */,
				2B4F60B915AB9CB700FA8B54 /* AppDelegate.m */,
				2B4F60BB15AB9CB700FA8B54 /* MainStoryboard.storyboard */,
				2B4F60BE15AB9CB700FA8B54 /* ViewController.h */,
				2B4F60BF15AB9CB700FA8B54 /* ViewController.m */,
				2B4F60B015AB9CB700FA8B54 /* Supporting Files */,
			);
			path = SonicMaskTest;
			sourceTree = "<group>";
		};
		2B4F60B015AB9CB700FA8B54 /* Supporting Files */ = {
			isa = PBXGroup;
			children = (
				2B4F60CA15AB9E9000FA8B54 /* camera.png */,
				2B4F60CB15AB9E9000FA8B54 /* camera@2x.png */,
				2B4F60C615AB9E8500FA8B54 /* coupon.png */,
				2B4F60C715AB9E8500FA8B54 /* coupon@2x.png */,
				2B4F60B115AB9CB700FA8B54 /* SonicMaskTest-Info.plist */,
				2B4F60B215AB9CB700FA8B54 /* InfoPlist.strings */,
				2B4F60B515AB9CB700FA8B54 /* main.m */,
				2B4F60B715AB9CB700FA8B54 /* SonicMaskTest-Prefix.pch */,
			);
			name = "Supporting Files";
			sourceTree = "<group>";
		};
/* End PBXGroup section */

/* Begin PBXNativeTarget section */
		2B4F60A415AB9CB600FA8B54 /* SonicMaskTest */ = {
			isa = PBXNativeTarget;
			buildConfigurationList = 2B4F60C315AB9CB700FA8B54 /* Build configuration list for PBXNativeTarget "SonicMaskTest" */;
			buildPhases = (
				2B4F60A115AB9CB600FA8B54 /* Sources */,
				2B4F60A215AB9CB600FA8B54 /* Frameworks */,
				2B4F60A315AB9CB600FA8B54 /* Resources */,
			);
			buildRules = (
			);
			dependencies = (
			);
			name = SonicMaskTest;
			productName = SonicMaskTest;
			productReference = 2B4F60A515AB9CB600FA8B54 /* SonicMaskTest.app */;
			productType = "com.apple.product-type.application";
		};
/* End PBXNativeTarget section */

/* Begin PBXProject section */
		2B4F609C15AB9CB600FA8B54 /* Project object */ = {
			isa = PBXProject;
			attributes = {
				LastUpgradeCheck = 0430;
			};
			buildConfigurationList = 2B4F609F15AB9CB600FA8B54 /* Build configuration list for PBXProject "SonicMaskTest" */;
			compatibilityVersion = "Xcode 3.2";
			developmentRegion = English;
			hasScannedForEncodings = 0;
			knownRegions = (
				en,
			);
			mainGroup = 2B4F609A15AB9CB600FA8B54;
			productRefGroup = 2B4F60A615AB9CB600FA8B54 /* Products */;
			projectDirPath = "";
			projectRoot = "";
			targets = (
				2B4F60A415AB9CB600FA8B54 /* SonicMaskTest */,
			);
		};
/* End PBXProject section */

/* Begin PBXResourcesBuildPhase section */
		2B4F60A315AB9CB600FA8B54 /* Resources */ = {
			isa = PBXResourcesBuildPhase;
			buildActionMask = 2147483647;
			files = (
				2B4F60B415AB9CB700FA8B54 /* InfoPlist.strings in Resources */,
				2B4F60BD15AB9CB700FA8B54 /* MainStoryboard.storyboard in Resources */,
				2B4F60C815AB9E8500FA8B54 /* coupon.png in Resources */,
				2B4F60C915AB9E8500FA8B54 /* coupon@2x.png in Resources */,
				2B4F60CC15AB9E9000FA8B54 /* camera.png in Resources */,
				2B4F60CD15AB9E9000FA8B54 /* camera@2x.png in Resources */,
			);
			runOnlyForDeploymentPostprocessing = 0;
		};
/* End PBXResourcesBuildPhase section */

/* Begin PBXSourcesBuildPhase section */
		2B4F60A115AB9CB600FA8B54 /* Sources */ = {
			isa = PBXSourcesBuildPhase;
			buildActionMask = 2147483647;
			files = (
				2B4F60B615AB9CB700FA8B54 /* main.m in Sources */,
				2B4F60BA15AB9CB700FA8B54 /* AppDelegate.m in Sources */,
				2B4F60C015AB9CB700FA8B54 /* ViewController.m in Sources */,
			);
			runOnlyForDeploymentPostprocessing = 0;
		};
/* End PBXSourcesBuildPhase section */

/* Begin PBXVariantGroup section */
		2B4F60B215AB9CB700FA8B54 /* InfoPlist.strings */ = {
			isa = PBXVariantGroup;
			children = (
				2B4F60B315AB9CB700FA8B54 /* en */,
			);
			name = InfoPlist.strings;
			sourceTree = "<group>";
		};
		2B4F60BB15AB9CB700FA8B54 /* MainStoryboard.storyboard */ = {
			isa = PBXVariantGroup;
			children = (
				2B4F60BC15AB9CB700FA8B54 /* en */,
			);
			name = MainStoryboard.storyboard;
			sourceTree = "<group>";
		};
/* End PBXVariantGroup section */

/* Begin XCBuildConfiguration section */
		2B4F60C115AB9CB700FA8B54 /* Debug */ = {
			isa = XCBuildConfiguration;
			buildSettings = {
				ALWAYS_SEARCH_USER_PATHS = NO;
				ARCHS = "$(ARCHS_STANDARD_32_BIT)";
				CLANG_ENABLE_OBJC_ARC = YES;
				"CODE_SIGN_IDENTITY[sdk=iphoneos*]" = "iPhone Developer";
				COPY_PHASE_STRIP = NO;
				GCC_C_LANGUAGE_STANDARD = gnu99;
				GCC_DYNAMIC_NO_PIC = NO;
				GCC_OPTIMIZATION_LEVEL = 0;
				GCC_PREPROCESSOR_DEFINITIONS = (
					"DEBUG=1",
					"$(inherited)",
				);
				GCC_SYMBOLS_PRIVATE_EXTERN = NO;
				GCC_VERSION = com.apple.compilers.llvm.clang.1_0;
				GCC_WARN_ABOUT_RETURN_TYPE = YES;
				GCC_WARN_UNINITIALIZED_AUTOS = YES;
				GCC_WARN_UNUSED_VARIABLE = YES;
				IPHONEOS_DEPLOYMENT_TARGET = 5.1;
				SDKROOT = iphoneos;
			};
			name = Debug;
		};
		2B4F60C215AB9CB700FA8B54 /* Release */ = {
			isa = XCBuildConfiguration;
			buildSettings = {
				ALWAYS_SEARCH_USER_PATHS = NO;
				ARCHS = "$(ARCHS_STANDARD_32_BIT)";
				CLANG_ENABLE_OBJC_ARC = YES;
				"CODE_SIGN_IDENTITY[sdk=iphoneos*]" = "iPhone Developer";
				COPY_PHASE_STRIP = YES;
				GCC_C_LANGUAGE_STANDARD = gnu99;
				GCC_VERSION = com.apple.compilers.llvm.clang.1_0;
				GCC_WARN_ABOUT_RETURN_TYPE = YES;
				GCC_WARN_UNINITIALIZED_AUTOS = YES;
				GCC_WARN_UNUSED_VARIABLE = YES;
				IPHONEOS_DEPLOYMENT_TARGET = 5.1;
				OTHER_CFLAGS = "-DNS_BLOCK_ASSERTIONS=1";
				SDKROOT = iphoneos;
				VALIDATE_PRODUCT = YES;
			};
			name = Release;
		};
		2B4F60C415AB9CB700FA8B54 /* Debug */ = {
			isa = XCBuildConfiguration;
			buildSettings = {
				GCC_PRECOMPILE_PREFIX_HEADER = YES;
				GCC_PREFIX_HEADER = "SonicMaskTest/SonicMaskTest-Prefix.pch";
				INFOPLIST_FILE = "SonicMaskTest/SonicMaskTest-Info.plist";
				PRODUCT_NAME = "$(TARGET_NAME)";
				WRAPPER_EXTENSION = app;
			};
			name = Debug;
		};
		2B4F60C515AB9CB700FA8B54 /* Release */ = {
			isa = XCBuildConfiguration;
			buildSettings = {
				GCC_PRECOMPILE_PREFIX_HEADER = YES;
				GCC_PREFIX_HEADER = "SonicMaskTest/SonicMaskTest-Prefix.pch";
				INFOPLIST_FILE = "SonicMaskTest/SonicMaskTest-Info.plist";
				PRODUCT_NAME = "$(TARGET_NAME)";
				WRAPPER_EXTENSION = app;
			};
			name = Release;
		};
/* End XCBuildConfiguration section */

/* Begin XCConfigurationList section */
		2B4F609F15AB9CB600FA8B54 /* Build configuration list for PBXProject "SonicMaskTest" */ = {
			isa = XCConfigurationList;
			buildConfigurations = (
				2B4F60C115AB9CB700FA8B54 /* Debug */,
				2B4F60C215AB9CB700FA8B54 /* Release */,
			);
			defaultConfigurationIsVisible = 0;
			defaultConfigurationName = Release;
		};
		2B4F60C315AB9CB700FA8B54 /* Build configuration list for PBXNativeTarget "SonicMaskTest" */ = {
			isa = XCConfigurationList;
			buildConfigurations = (
				2B4F60C415AB9CB700FA8B54 /* Debug */,
				2B4F60C515AB9CB700FA8B54 /* Release */,
			);
			defaultConfigurationIsVisible = 0;
		};
/* End XCConfigurationList section */
	};
	rootObject = 2B4F609C15AB9CB600FA8B54 /* Project object */;
}
